// !$*UTF8*$!
{
	archiveVersion = 1;
	classes = {
	};
	objectVersion = 50;
	objects = {

/* Begin PBXBuildFile section */
		0F3A1E3624343D0600E7AE35 /* DayOverviewViewController.swift in Sources */ = {isa = PBXBuildFile; fileRef = 0F3A1E3524343D0600E7AE35 /* DayOverviewViewController.swift */; };
		0F3A1E3A2434537C00E7AE35 /* ReemKufi-Regular.ttf in Resources */ = {isa = PBXBuildFile; fileRef = 0F3A1E392434537C00E7AE35 /* ReemKufi-Regular.ttf */; };
		0F3A1E3C2434559B00E7AE35 /* DayOverviewTableViewCell.swift in Sources */ = {isa = PBXBuildFile; fileRef = 0F3A1E3B2434559B00E7AE35 /* DayOverviewTableViewCell.swift */; };
		0FA5831D2432E38D0048BC3B /* Calendar.storyboard in Resources */ = {isa = PBXBuildFile; fileRef = 0FA5831C2432E38D0048BC3B /* Calendar.storyboard */; };
		0FA5831F2432E5C90048BC3B /* CalendarViewController.swift in Sources */ = {isa = PBXBuildFile; fileRef = 0FA5831E2432E5C90048BC3B /* CalendarViewController.swift */; };
		0FA583212432EC710048BC3B /* CalendarCollectionViewCell.swift in Sources */ = {isa = PBXBuildFile; fileRef = 0FA583202432EC710048BC3B /* CalendarCollectionViewCell.swift */; };
		1808042124354C4000A6AADA /* CheckableTableViewCell.swift in Sources */ = {isa = PBXBuildFile; fileRef = 1808041A24354C3F00A6AADA /* CheckableTableViewCell.swift */; };
		1808042224354C4000A6AADA /* ResourcesViewController.swift in Sources */ = {isa = PBXBuildFile; fileRef = 1808041B24354C3F00A6AADA /* ResourcesViewController.swift */; };
		1808042324354C4000A6AADA /* ArticleTableViewCell.swift in Sources */ = {isa = PBXBuildFile; fileRef = 1808041C24354C3F00A6AADA /* ArticleTableViewCell.swift */; };
		1808042424354C4000A6AADA /* ChecklistViewController.swift in Sources */ = {isa = PBXBuildFile; fileRef = 1808041D24354C3F00A6AADA /* ChecklistViewController.swift */; };
		1808042524354C4000A6AADA /* Resources.storyboard in Resources */ = {isa = PBXBuildFile; fileRef = 1808041E24354C4000A6AADA /* Resources.storyboard */; };
		1808042624354C4000A6AADA /* LocationViewController.swift in Sources */ = {isa = PBXBuildFile; fileRef = 1808041F24354C4000A6AADA /* LocationViewController.swift */; };
		1808042724354C4000A6AADA /* RecentNewsViewController.swift in Sources */ = {isa = PBXBuildFile; fileRef = 1808042024354C4000A6AADA /* RecentNewsViewController.swift */; };
		18577D902418562A0091DFD6 /* AppDelegate.swift in Sources */ = {isa = PBXBuildFile; fileRef = 18577D8F2418562A0091DFD6 /* AppDelegate.swift */; };
		18577D922418562A0091DFD6 /* SceneDelegate.swift in Sources */ = {isa = PBXBuildFile; fileRef = 18577D912418562A0091DFD6 /* SceneDelegate.swift */; };
		18577D942418562A0091DFD6 /* ViewController.swift in Sources */ = {isa = PBXBuildFile; fileRef = 18577D932418562A0091DFD6 /* ViewController.swift */; };
		18577D972418562A0091DFD6 /* Main.storyboard in Resources */ = {isa = PBXBuildFile; fileRef = 18577D952418562A0091DFD6 /* Main.storyboard */; };
		18577D99241856340091DFD6 /* Assets.xcassets in Resources */ = {isa = PBXBuildFile; fileRef = 18577D98241856340091DFD6 /* Assets.xcassets */; };
		18577D9C241856340091DFD6 /* LaunchScreen.storyboard in Resources */ = {isa = PBXBuildFile; fileRef = 18577D9A241856340091DFD6 /* LaunchScreen.storyboard */; };
/* End PBXBuildFile section */

/* Begin PBXFileReference section */
		0F0C2E412433FA4000B37C34 /* fonts */ = {isa = PBXFileReference; lastKnownFileType = folder; name = fonts; path = "/Users/shannonradey/Documents/FlowChart/FlowChart-iOSProject/fonts"; sourceTree = "<absolute>"; };
		0F3A1E3524343D0600E7AE35 /* DayOverviewViewController.swift */ = {isa = PBXFileReference; lastKnownFileType = sourcecode.swift; path = DayOverviewViewController.swift; sourceTree = "<group>"; };
		0F3A1E392434537C00E7AE35 /* ReemKufi-Regular.ttf */ = {isa = PBXFileReference; lastKnownFileType = file; path = "ReemKufi-Regular.ttf"; sourceTree = "<group>"; };
		0F3A1E3B2434559B00E7AE35 /* DayOverviewTableViewCell.swift */ = {isa = PBXFileReference; lastKnownFileType = sourcecode.swift; path = DayOverviewTableViewCell.swift; sourceTree = "<group>"; };
		0FA5831C2432E38D0048BC3B /* Calendar.storyboard */ = {isa = PBXFileReference; lastKnownFileType = file.storyboard; path = Calendar.storyboard; sourceTree = "<group>"; };
		0FA5831E2432E5C90048BC3B /* CalendarViewController.swift */ = {isa = PBXFileReference; lastKnownFileType = sourcecode.swift; path = CalendarViewController.swift; sourceTree = "<group>"; };
		0FA583202432EC710048BC3B /* CalendarCollectionViewCell.swift */ = {isa = PBXFileReference; lastKnownFileType = sourcecode.swift; path = CalendarCollectionViewCell.swift; sourceTree = "<group>"; };
		1808041A24354C3F00A6AADA /* CheckableTableViewCell.swift */ = {isa = PBXFileReference; fileEncoding = 4; lastKnownFileType = sourcecode.swift; path = CheckableTableViewCell.swift; sourceTree = "<group>"; };
		1808041B24354C3F00A6AADA /* ResourcesViewController.swift */ = {isa = PBXFileReference; fileEncoding = 4; lastKnownFileType = sourcecode.swift; path = ResourcesViewController.swift; sourceTree = "<group>"; };
		1808041C24354C3F00A6AADA /* ArticleTableViewCell.swift */ = {isa = PBXFileReference; fileEncoding = 4; lastKnownFileType = sourcecode.swift; path = ArticleTableViewCell.swift; sourceTree = "<group>"; };
		1808041D24354C3F00A6AADA /* ChecklistViewController.swift */ = {isa = PBXFileReference; fileEncoding = 4; lastKnownFileType = sourcecode.swift; path = ChecklistViewController.swift; sourceTree = "<group>"; };
		1808041E24354C4000A6AADA /* Resources.storyboard */ = {isa = PBXFileReference; fileEncoding = 4; lastKnownFileType = file.storyboard; path = Resources.storyboard; sourceTree = "<group>"; };
		1808041F24354C4000A6AADA /* LocationViewController.swift */ = {isa = PBXFileReference; fileEncoding = 4; lastKnownFileType = sourcecode.swift; path = LocationViewController.swift; sourceTree = "<group>"; };
		1808042024354C4000A6AADA /* RecentNewsViewController.swift */ = {isa = PBXFileReference; fileEncoding = 4; lastKnownFileType = sourcecode.swift; path = RecentNewsViewController.swift; sourceTree = "<group>"; };
		18577D8C2418562A0091DFD6 /* FlowChart-iOSProject.app */ = {isa = PBXFileReference; explicitFileType = wrapper.application; includeInIndex = 0; path = "FlowChart-iOSProject.app"; sourceTree = BUILT_PRODUCTS_DIR; };
		18577D8F2418562A0091DFD6 /* AppDelegate.swift */ = {isa = PBXFileReference; lastKnownFileType = sourcecode.swift; path = AppDelegate.swift; sourceTree = "<group>"; };
		18577D912418562A0091DFD6 /* SceneDelegate.swift */ = {isa = PBXFileReference; lastKnownFileType = sourcecode.swift; path = SceneDelegate.swift; sourceTree = "<group>"; };
		18577D932418562A0091DFD6 /* ViewController.swift */ = {isa = PBXFileReference; lastKnownFileType = sourcecode.swift; path = ViewController.swift; sourceTree = "<group>"; };
		18577D962418562A0091DFD6 /* Base */ = {isa = PBXFileReference; lastKnownFileType = file.storyboard; name = Base; path = Base.lproj/Main.storyboard; sourceTree = "<group>"; };
		18577D98241856340091DFD6 /* Assets.xcassets */ = {isa = PBXFileReference; lastKnownFileType = folder.assetcatalog; path = Assets.xcassets; sourceTree = "<group>"; };
		18577D9B241856340091DFD6 /* Base */ = {isa = PBXFileReference; lastKnownFileType = file.storyboard; name = Base; path = Base.lproj/LaunchScreen.storyboard; sourceTree = "<group>"; };
		18577D9D241856340091DFD6 /* Info.plist */ = {isa = PBXFileReference; lastKnownFileType = text.plist.xml; path = Info.plist; sourceTree = "<group>"; };
/* End PBXFileReference section */

/* Begin PBXFrameworksBuildPhase section */
		18577D892418562A0091DFD6 /* Frameworks */ = {
			isa = PBXFrameworksBuildPhase;
			buildActionMask = 2147483647;
			files = (
			);
			runOnlyForDeploymentPostprocessing = 0;
		};
/* End PBXFrameworksBuildPhase section */

/* Begin PBXGroup section */
		18577D832418562A0091DFD6 = {
			isa = PBXGroup;
			children = (
				0F3A1E392434537C00E7AE35 /* ReemKufi-Regular.ttf */,
				18577D8E2418562A0091DFD6 /* FlowChart-iOSProject */,
				18577D8D2418562A0091DFD6 /* Products */,
			);
			sourceTree = "<group>";
		};
		18577D8D2418562A0091DFD6 /* Products */ = {
			isa = PBXGroup;
			children = (
				18577D8C2418562A0091DFD6 /* FlowChart-iOSProject.app */,
			);
			name = Products;
			sourceTree = "<group>";
		};
		18577D8E2418562A0091DFD6 /* FlowChart-iOSProject */ = {
			isa = PBXGroup;
			children = (
				0F3A1E3B2434559B00E7AE35 /* DayOverviewTableViewCell.swift */,
				0F3A1E3524343D0600E7AE35 /* DayOverviewViewController.swift */,
				0FA5831E2432E5C90048BC3B /* CalendarViewController.swift */,
				0FA583202432EC710048BC3B /* CalendarCollectionViewCell.swift */,
				0FA5831C2432E38D0048BC3B /* Calendar.storyboard */,
				18577D8F2418562A0091DFD6 /* AppDelegate.swift */,
				18577D912418562A0091DFD6 /* SceneDelegate.swift */,
				18577D932418562A0091DFD6 /* ViewController.swift */,
				18577D952418562A0091DFD6 /* Main.storyboard */,
				1808041C24354C3F00A6AADA /* ArticleTableViewCell.swift */,
				1808041A24354C3F00A6AADA /* CheckableTableViewCell.swift */,
				1808041D24354C3F00A6AADA /* ChecklistViewController.swift */,
				1808041F24354C4000A6AADA /* LocationViewController.swift */,
				1808042024354C4000A6AADA /* RecentNewsViewController.swift */,
				1808041E24354C4000A6AADA /* Resources.storyboard */,
				1808041B24354C3F00A6AADA /* ResourcesViewController.swift */,
				18577D98241856340091DFD6 /* Assets.xcassets */,
				18577D9A241856340091DFD6 /* LaunchScreen.storyboard */,
				18577D9D241856340091DFD6 /* Info.plist */,
				0F0C2E412433FA4000B37C34 /* fonts */,
			);
			path = "FlowChart-iOSProject";
			sourceTree = "<group>";
		};
/* End PBXGroup section */

/* Begin PBXNativeTarget section */
		18577D8B2418562A0091DFD6 /* FlowChart-iOSProject */ = {
			isa = PBXNativeTarget;
			buildConfigurationList = 18577DA0241856340091DFD6 /* Build configuration list for PBXNativeTarget "FlowChart-iOSProject" */;
			buildPhases = (
				18577D882418562A0091DFD6 /* Sources */,
				18577D892418562A0091DFD6 /* Frameworks */,
				18577D8A2418562A0091DFD6 /* Resources */,
			);
			buildRules = (
			);
			dependencies = (
			);
			name = "FlowChart-iOSProject";
			productName = "FlowChart-iOSProject";
			productReference = 18577D8C2418562A0091DFD6 /* FlowChart-iOSProject.app */;
			productType = "com.apple.product-type.application";
		};
/* End PBXNativeTarget section */

/* Begin PBXProject section */
		18577D842418562A0091DFD6 /* Project object */ = {
			isa = PBXProject;
			attributes = {
				LastSwiftUpdateCheck = 1130;
				LastUpgradeCheck = 1130;
				ORGANIZATIONNAME = "Abby Krishnan";
				TargetAttributes = {
					18577D8B2418562A0091DFD6 = {
						CreatedOnToolsVersion = 11.3.1;
					};
				};
			};
			buildConfigurationList = 18577D872418562A0091DFD6 /* Build configuration list for PBXProject "FlowChart-iOSProject" */;
			compatibilityVersion = "Xcode 9.3";
			developmentRegion = en;
			hasScannedForEncodings = 0;
			knownRegions = (
				en,
				Base,
			);
			mainGroup = 18577D832418562A0091DFD6;
			productRefGroup = 18577D8D2418562A0091DFD6 /* Products */;
			projectDirPath = "";
			projectRoot = "";
			targets = (
				18577D8B2418562A0091DFD6 /* FlowChart-iOSProject */,
			);
		};
/* End PBXProject section */

/* Begin PBXResourcesBuildPhase section */
		18577D8A2418562A0091DFD6 /* Resources */ = {
			isa = PBXResourcesBuildPhase;
			buildActionMask = 2147483647;
			files = (
				0FA5831D2432E38D0048BC3B /* Calendar.storyboard in Resources */,
				18577D9C241856340091DFD6 /* LaunchScreen.storyboard in Resources */,
				1808042524354C4000A6AADA /* Resources.storyboard in Resources */,
				18577D99241856340091DFD6 /* Assets.xcassets in Resources */,
				18577D972418562A0091DFD6 /* Main.storyboard in Resources */,
				0F3A1E3A2434537C00E7AE35 /* ReemKufi-Regular.ttf in Resources */,
			);
			runOnlyForDeploymentPostprocessing = 0;
		};
/* End PBXResourcesBuildPhase section */

/* Begin PBXSourcesBuildPhase section */
		18577D882418562A0091DFD6 /* Sources */ = {
			isa = PBXSourcesBuildPhase;
			buildActionMask = 2147483647;
			files = (
				1808042324354C4000A6AADA /* ArticleTableViewCell.swift in Sources */,
				0F3A1E3624343D0600E7AE35 /* DayOverviewViewController.swift in Sources */,
				0F3A1E3C2434559B00E7AE35 /* DayOverviewTableViewCell.swift in Sources */,
				1808042624354C4000A6AADA /* LocationViewController.swift in Sources */,
				0FA5831F2432E5C90048BC3B /* CalendarViewController.swift in Sources */,
				18577D942418562A0091DFD6 /* ViewController.swift in Sources */,
				1808042124354C4000A6AADA /* CheckableTableViewCell.swift in Sources */,
				1808042424354C4000A6AADA /* ChecklistViewController.swift in Sources */,
				18577D902418562A0091DFD6 /* AppDelegate.swift in Sources */,
				1808042224354C4000A6AADA /* ResourcesViewController.swift in Sources */,
				18577D922418562A0091DFD6 /* SceneDelegate.swift in Sources */,
				1808042724354C4000A6AADA /* RecentNewsViewController.swift in Sources */,
				0FA583212432EC710048BC3B /* CalendarCollectionViewCell.swift in Sources */,
			);
			runOnlyForDeploymentPostprocessing = 0;
		};
/* End PBXSourcesBuildPhase section */

/* Begin PBXVariantGroup section */
		18577D952418562A0091DFD6 /* Main.storyboard */ = {
			isa = PBXVariantGroup;
			children = (
				18577D962418562A0091DFD6 /* Base */,
			);
			name = Main.storyboard;
			sourceTree = "<group>";
		};
		18577D9A241856340091DFD6 /* LaunchScreen.storyboard */ = {
			isa = PBXVariantGroup;
			children = (
				18577D9B241856340091DFD6 /* Base */,
			);
			name = LaunchScreen.storyboard;
			sourceTree = "<group>";
		};
/* End PBXVariantGroup section */

/* Begin XCBuildConfiguration section */
		18577D9E241856340091DFD6 /* Debug */ = {
			isa = XCBuildConfiguration;
			buildSettings = {
				ALWAYS_SEARCH_USER_PATHS = NO;
				CLANG_ANALYZER_NONNULL = YES;
				CLANG_ANALYZER_NUMBER_OBJECT_CONVERSION = YES_AGGRESSIVE;
				CLANG_CXX_LANGUAGE_STANDARD = "gnu++14";
				CLANG_CXX_LIBRARY = "libc++";
				CLANG_ENABLE_MODULES = YES;
				CLANG_ENABLE_OBJC_ARC = YES;
				CLANG_ENABLE_OBJC_WEAK = YES;
				CLANG_WARN_BLOCK_CAPTURE_AUTORELEASING = YES;
				CLANG_WARN_BOOL_CONVERSION = YES;
				CLANG_WARN_COMMA = YES;
				CLANG_WARN_CONSTANT_CONVERSION = YES;
				CLANG_WARN_DEPRECATED_OBJC_IMPLEMENTATIONS = YES;
				CLANG_WARN_DIRECT_OBJC_ISA_USAGE = YES_ERROR;
				CLANG_WARN_DOCUMENTATION_COMMENTS = YES;
				CLANG_WARN_EMPTY_BODY = YES;
				CLANG_WARN_ENUM_CONVERSION = YES;
				CLANG_WARN_INFINITE_RECURSION = YES;
				CLANG_WARN_INT_CONVERSION = YES;
				CLANG_WARN_NON_LITERAL_NULL_CONVERSION = YES;
				CLANG_WARN_OBJC_IMPLICIT_RETAIN_SELF = YES;
				CLANG_WARN_OBJC_LITERAL_CONVERSION = YES;
				CLANG_WARN_OBJC_ROOT_CLASS = YES_ERROR;
				CLANG_WARN_RANGE_LOOP_ANALYSIS = YES;
				CLANG_WARN_STRICT_PROTOTYPES = YES;
				CLANG_WARN_SUSPICIOUS_MOVE = YES;
				CLANG_WARN_UNGUARDED_AVAILABILITY = YES_AGGRESSIVE;
				CLANG_WARN_UNREACHABLE_CODE = YES;
				CLANG_WARN__DUPLICATE_METHOD_MATCH = YES;
				COPY_PHASE_STRIP = NO;
				DEBUG_INFORMATION_FORMAT = dwarf;
				ENABLE_STRICT_OBJC_MSGSEND = YES;
				ENABLE_TESTABILITY = YES;
				GCC_C_LANGUAGE_STANDARD = gnu11;
				GCC_DYNAMIC_NO_PIC = NO;
				GCC_NO_COMMON_BLOCKS = YES;
				GCC_OPTIMIZATION_LEVEL = 0;
				GCC_PREPROCESSOR_DEFINITIONS = (
					"DEBUG=1",
					"$(inherited)",
				);
				GCC_WARN_64_TO_32_BIT_CONVERSION = YES;
				GCC_WARN_ABOUT_RETURN_TYPE = YES_ERROR;
				GCC_WARN_UNDECLARED_SELECTOR = YES;
				GCC_WARN_UNINITIALIZED_AUTOS = YES_AGGRESSIVE;
				GCC_WARN_UNUSED_FUNCTION = YES;
				GCC_WARN_UNUSED_VARIABLE = YES;
				IPHONEOS_DEPLOYMENT_TARGET = 13.2;
				MTL_ENABLE_DEBUG_INFO = INCLUDE_SOURCE;
				MTL_FAST_MATH = YES;
				ONLY_ACTIVE_ARCH = YES;
				SDKROOT = iphoneos;
				SWIFT_ACTIVE_COMPILATION_CONDITIONS = DEBUG;
				SWIFT_OPTIMIZATION_LEVEL = "-Onone";
			};
			name = Debug;
		};
		18577D9F241856340091DFD6 /* Release */ = {
			isa = XCBuildConfiguration;
			buildSettings = {
				ALWAYS_SEARCH_USER_PATHS = NO;
				CLANG_ANALYZER_NONNULL = YES;
				CLANG_ANALYZER_NUMBER_OBJECT_CONVERSION = YES_AGGRESSIVE;
				CLANG_CXX_LANGUAGE_STANDARD = "gnu++14";
				CLANG_CXX_LIBRARY = "libc++";
				CLANG_ENABLE_MODULES = YES;
				CLANG_ENABLE_OBJC_ARC = YES;
				CLANG_ENABLE_OBJC_WEAK = YES;
				CLANG_WARN_BLOCK_CAPTURE_AUTORELEASING = YES;
				CLANG_WARN_BOOL_CONVERSION = YES;
				CLANG_WARN_COMMA = YES;
				CLANG_WARN_CONSTANT_CONVERSION = YES;
				CLANG_WARN_DEPRECATED_OBJC_IMPLEMENTATIONS = YES;
				CLANG_WARN_DIRECT_OBJC_ISA_USAGE = YES_ERROR;
				CLANG_WARN_DOCUMENTATION_COMMENTS = YES;
				CLANG_WARN_EMPTY_BODY = YES;
				CLANG_WARN_ENUM_CONVERSION = YES;
				CLANG_WARN_INFINITE_RECURSION = YES;
				CLANG_WARN_INT_CONVERSION = YES;
				CLANG_WARN_NON_LITERAL_NULL_CONVERSION = YES;
				CLANG_WARN_OBJC_IMPLICIT_RETAIN_SELF = YES;
				CLANG_WARN_OBJC_LITERAL_CONVERSION = YES;
				CLANG_WARN_OBJC_ROOT_CLASS = YES_ERROR;
				CLANG_WARN_RANGE_LOOP_ANALYSIS = YES;
				CLANG_WARN_STRICT_PROTOTYPES = YES;
				CLANG_WARN_SUSPICIOUS_MOVE = YES;
				CLANG_WARN_UNGUARDED_AVAILABILITY = YES_AGGRESSIVE;
				CLANG_WARN_UNREACHABLE_CODE = YES;
				CLANG_WARN__DUPLICATE_METHOD_MATCH = YES;
				COPY_PHASE_STRIP = NO;
				DEBUG_INFORMATION_FORMAT = "dwarf-with-dsym";
				ENABLE_NS_ASSERTIONS = NO;
				ENABLE_STRICT_OBJC_MSGSEND = YES;
				GCC_C_LANGUAGE_STANDARD = gnu11;
				GCC_NO_COMMON_BLOCKS = YES;
				GCC_WARN_64_TO_32_BIT_CONVERSION = YES;
				GCC_WARN_ABOUT_RETURN_TYPE = YES_ERROR;
				GCC_WARN_UNDECLARED_SELECTOR = YES;
				GCC_WARN_UNINITIALIZED_AUTOS = YES_AGGRESSIVE;
				GCC_WARN_UNUSED_FUNCTION = YES;
				GCC_WARN_UNUSED_VARIABLE = YES;
				IPHONEOS_DEPLOYMENT_TARGET = 13.2;
				MTL_ENABLE_DEBUG_INFO = NO;
				MTL_FAST_MATH = YES;
				SDKROOT = iphoneos;
				SWIFT_COMPILATION_MODE = wholemodule;
				SWIFT_OPTIMIZATION_LEVEL = "-O";
				VALIDATE_PRODUCT = YES;
			};
			name = Release;
		};
		18577DA1241856340091DFD6 /* Debug */ = {
			isa = XCBuildConfiguration;
			buildSettings = {
				ASSETCATALOG_COMPILER_APPICON_NAME = AppIcon;
				CODE_SIGN_STYLE = Automatic;
				INFOPLIST_FILE = "FlowChart-iOSProject/Info.plist";
				LD_RUNPATH_SEARCH_PATHS = (
					"$(inherited)",
					"@executable_path/Frameworks",
				);
				PRODUCT_BUNDLE_IDENTIFIER = "CS371.FlowChart-iOSProject";
				PRODUCT_NAME = "$(TARGET_NAME)";
				SWIFT_VERSION = 5.0;
				TARGETED_DEVICE_FAMILY = "1,2";
			};
			name = Debug;
		};
		18577DA2241856340091DFD6 /* Release */ = {
			isa = XCBuildConfiguration;
			buildSettings = {
				ASSETCATALOG_COMPILER_APPICON_NAME = AppIcon;
				CODE_SIGN_STYLE = Automatic;
				INFOPLIST_FILE = "FlowChart-iOSProject/Info.plist";
				LD_RUNPATH_SEARCH_PATHS = (
					"$(inherited)",
					"@executable_path/Frameworks",
				);
				PRODUCT_BUNDLE_IDENTIFIER = "CS371.FlowChart-iOSProject";
				PRODUCT_NAME = "$(TARGET_NAME)";
				SWIFT_VERSION = 5.0;
				TARGETED_DEVICE_FAMILY = "1,2";
			};
			name = Release;
		};
/* End XCBuildConfiguration section */

/* Begin XCConfigurationList section */
		18577D872418562A0091DFD6 /* Build configuration list for PBXProject "FlowChart-iOSProject" */ = {
			isa = XCConfigurationList;
			buildConfigurations = (
				18577D9E241856340091DFD6 /* Debug */,
				18577D9F241856340091DFD6 /* Release */,
			);
			defaultConfigurationIsVisible = 0;
			defaultConfigurationName = Release;
		};
		18577DA0241856340091DFD6 /* Build configuration list for PBXNativeTarget "FlowChart-iOSProject" */ = {
			isa = XCConfigurationList;
			buildConfigurations = (
				18577DA1241856340091DFD6 /* Debug */,
				18577DA2241856340091DFD6 /* Release */,
			);
			defaultConfigurationIsVisible = 0;
			defaultConfigurationName = Release;
		};
/* End XCConfigurationList section */
	};
	rootObject = 18577D842418562A0091DFD6 /* Project object */;
}
